
Microsoft Visual Studio Solution File, Format Version 12.00
# Visual Studio Version 17
VisualStudioVersion = 17.3.32929.385
MinimumVisualStudioVersion = 10.0.40219.1
Project("{FAE04EC0-301F-11D3-BF4B-00C04F79EFBC}") = "Regua", "Regua\Regua.csproj", "{1B0C1D36-BAD7-404F-BC1F-0D70992F2F34}"
EndProject
Global
	GlobalSection(SolutionConfigurationPlatforms) = preSolution
		Debug|Any CPU = Debug|Any CPU
		Release|Any CPU = Release|Any CPU
	EndGlobalSection
	GlobalSection(ProjectConfigurationPlatforms) = postSolution
		{1B0C1D36-BAD7-404F-BC1F-0D70992F2F34}.Debug|Any CPU.ActiveCfg = Debug|Any CPU
		{1B0C1D36-BAD7-404F-BC1F-0D70992F2F34}.Debug|Any CPU.Build.0 = Debug|Any CPU
		{1B0C1D36-BAD7-404F-BC1F-0D70992F2F34}.Release|Any CPU.ActiveCfg = Release|Any CPU
		{1B0C1D36-BAD7-404F-BC1F-0D70992F2F34}.Release|Any CPU.Build.0 = Release|Any CPU
	EndGlobalSection
	GlobalSection(SolutionProperties) = preSolution
		HideSolutionNode = FALSE
	EndGlobalSection
	GlobalSection(ExtensibilityGlobals) = postSolution
		SolutionGuid = {C7D7C3AD-2847-4899-BBA0-5937A8498937}
	EndGlobalSection
EndGlobal
